{
  "object": {
    "pins": [
      {
        "package": "TruSDK",
        "repositoryURL": "https://gitlab.com/tru-id/tru-sdk-ios.git",
        "state": {
          "branch": null,
          "revision": "513fd5b0158842f5cba4219a50a34394f626b80d",
          "version": "0.3.1"
        }
      }
    ]
  },
  "version": 1
}
