{
  "object": {
    "pins": [
      {
        "package": "TruSDK",
        "repositoryURL": "https://gitlab.com/tru-id/tru-sdk-ios.git",
        "state": {
          "branch": "0.0.3",
          "revision": "1978dc280b5c775b0f2f3409f2ebf844c89d24ce",
          "version": null
        }
      }
    ]
  },
  "version": 1
}
