{
  "object": {
    "pins": [
      {
        "package": "TruSDK",
        "repositoryURL": "https://gitlab.com/tru-id/tru-sdk-ios.git",
        "state": {
          "branch": null,
          "revision": "72cf97139c5134035e14afcc12e8bcdd99249bcc",
          "version": "0.2.9"
        }
      }
    ]
  },
  "version": 1
}
